
Microsoft Visual Studio Solution File, Format Version 12.00
# Visual Studio Version 17
VisualStudioVersion = 17.1.32414.318
MinimumVisualStudioVersion = 10.0.40219.1
Project("{FAE04EC0-301F-11D3-BF4B-00C04F79EFBC}") = "Dev", "Dev\Dev.csproj", "{33382EFA-9CA9-47F5-8C99-52E0F3C4DCA5}"
EndProject
Global
	GlobalSection(SolutionConfigurationPlatforms) = preSolution
		Debug|Any CPU = Debug|Any CPU
		Release|Any CPU = Release|Any CPU
	EndGlobalSection
	GlobalSection(ProjectConfigurationPlatforms) = postSolution
		{33382EFA-9CA9-47F5-8C99-52E0F3C4DCA5}.Debug|Any CPU.ActiveCfg = Debug|Any CPU
		{33382EFA-9CA9-47F5-8C99-52E0F3C4DCA5}.Debug|Any CPU.Build.0 = Debug|Any CPU
		{33382EFA-9CA9-47F5-8C99-52E0F3C4DCA5}.Release|Any CPU.ActiveCfg = Release|Any CPU
		{33382EFA-9CA9-47F5-8C99-52E0F3C4DCA5}.Release|Any CPU.Build.0 = Release|Any CPU
	EndGlobalSection
	GlobalSection(SolutionProperties) = preSolution
		HideSolutionNode = FALSE
	EndGlobalSection
	GlobalSection(ExtensibilityGlobals) = postSolution
		SolutionGuid = {7E777D10-D855-4575-8693-A12D9BC2C840}
	EndGlobalSection
EndGlobal
